
Microsoft Visual Studio Solution File, Format Version 12.00
# Visual Studio Version 17
VisualStudioVersion = 17.12.35707.178
MinimumVisualStudioVersion = 10.0.40219.1
Project("{FAE04EC0-301F-11D3-BF4B-00C04F79EFBC}") = "App.Repositories", "Repositories\App.Repositories.csproj", "{968139FC-D9E6-4BF3-9602-8902A7ACB2B9}"
EndProject
Project("{FAE04EC0-301F-11D3-BF4B-00C04F79EFBC}") = "App.Services", "Services\App.Services.csproj", "{5C62430B-DCD6-4089-B027-0107DE483099}"
EndProject
Project("{FAE04EC0-301F-11D3-BF4B-00C04F79EFBC}") = "App.API", "App.API\App.API.csproj", "{48F7A12E-C2C2-4C83-ADA1-125B17AACC82}"
EndProject
Global
	GlobalSection(SolutionConfigurationPlatforms) = preSolution
		Debug|Any CPU = Debug|Any CPU
		Release|Any CPU = Release|Any CPU
	EndGlobalSection
	GlobalSection(ProjectConfigurationPlatforms) = postSolution
		{968139FC-D9E6-4BF3-9602-8902A7ACB2B9}.Debug|Any CPU.ActiveCfg = Debug|Any CPU
		{968139FC-D9E6-4BF3-9602-8902A7ACB2B9}.Debug|Any CPU.Build.0 = Debug|Any CPU
		{968139FC-D9E6-4BF3-9602-8902A7ACB2B9}.Release|Any CPU.ActiveCfg = Release|Any CPU
		{968139FC-D9E6-4BF3-9602-8902A7ACB2B9}.Release|Any CPU.Build.0 = Release|Any CPU
		{5C62430B-DCD6-4089-B027-0107DE483099}.Debug|Any CPU.ActiveCfg = Debug|Any CPU
		{5C62430B-DCD6-4089-B027-0107DE483099}.Debug|Any CPU.Build.0 = Debug|Any CPU
		{5C62430B-DCD6-4089-B027-0107DE483099}.Release|Any CPU.ActiveCfg = Release|Any CPU
		{5C62430B-DCD6-4089-B027-0107DE483099}.Release|Any CPU.Build.0 = Release|Any CPU
		{48F7A12E-C2C2-4C83-ADA1-125B17AACC82}.Debug|Any CPU.ActiveCfg = Debug|Any CPU
		{48F7A12E-C2C2-4C83-ADA1-125B17AACC82}.Debug|Any CPU.Build.0 = Debug|Any CPU
		{48F7A12E-C2C2-4C83-ADA1-125B17AACC82}.Release|Any CPU.ActiveCfg = Release|Any CPU
		{48F7A12E-C2C2-4C83-ADA1-125B17AACC82}.Release|Any CPU.Build.0 = Release|Any CPU
	EndGlobalSection
	GlobalSection(SolutionProperties) = preSolution
		HideSolutionNode = FALSE
	EndGlobalSection
	GlobalSection(ExtensibilityGlobals) = postSolution
		SolutionGuid = {2AE68DFE-CF95-46E5-9D98-4A003D4AB803}
	EndGlobalSection
EndGlobal
