
Microsoft Visual Studio Solution File, Format Version 12.00
# Visual Studio Version 17
VisualStudioVersion = 17.12.35707.178
MinimumVisualStudioVersion = 10.0.40219.1
Project("{FAE04EC0-301F-11D3-BF4B-00C04F79EFBC}") = "App.Repositories", "Repositories\App.Repositories.csproj", "{968139FC-D9E6-4BF3-9602-8902A7ACB2B9}"
EndProject
Project("{FAE04EC0-301F-11D3-BF4B-00C04F79EFBC}") = "App.Services", "Services\App.Services.csproj", "{5C62430B-DCD6-4089-B027-0107DE483099}"
EndProject
Project("{FAE04EC0-301F-11D3-BF4B-00C04F79EFBC}") = "App.API", "App.API\App.API.csproj", "{48F7A12E-C2C2-4C83-ADA1-125B17AACC82}"
EndProject
Project("{2150E333-8FDC-42A3-9474-1A3956D46DE8}") = "NLayer", "NLayer", "{F8EE2C5A-D3A8-4727-8D6A-7EC87C456FD8}"
EndProject
Project("{2150E333-8FDC-42A3-9474-1A3956D46DE8}") = "CleanArchitecture", "CleanArchitecture", "{CA645160-D4AC-433C-A6EC-FE2117FA980D}"
EndProject
Project("{2150E333-8FDC-42A3-9474-1A3956D46DE8}") = "Src", "Src", "{2FCA715B-4270-48F7-9381-6FF1458C5A1E}"
EndProject
Project("{2150E333-8FDC-42A3-9474-1A3956D46DE8}") = "Test", "Test", "{F065F8B5-62F6-4F61-8E5B-7D9B723D7502}"
EndProject
Project("{2150E333-8FDC-42A3-9474-1A3956D46DE8}") = "Core", "Core", "{280F0263-4355-453B-B0F7-BF62BCFA2595}"
EndProject
Project("{FAE04EC0-301F-11D3-BF4B-00C04F79EFBC}") = "App.Domain", "App.Domain\App.Domain.csproj", "{708A9DE7-4898-4B44-BE41-D2C3035C35D2}"
EndProject
Project("{FAE04EC0-301F-11D3-BF4B-00C04F79EFBC}") = "App.Application", "App.Application\App.Application.csproj", "{7F6AE6E3-275E-4C93-879F-EDABCAF51648}"
EndProject
Project("{2150E333-8FDC-42A3-9474-1A3956D46DE8}") = "Infrastructure", "Infrastructure", "{A9685962-0080-423B-81E6-7A5995B3B346}"
EndProject
Project("{FAE04EC0-301F-11D3-BF4B-00C04F79EFBC}") = "App.Persistence", "App.Persistence\App.Persistence.csproj", "{7C58B6E5-5F5A-4C86-91A1-ECE92E7F6151}"
EndProject
Project("{2150E333-8FDC-42A3-9474-1A3956D46DE8}") = "API", "API", "{7491B681-63B1-40EB-B9C7-2C5B8F65852E}"
EndProject
Project("{FAE04EC0-301F-11D3-BF4B-00C04F79EFBC}") = "CleanApp.API", "CleanApp.API\CleanApp.API.csproj", "{28E13903-9F7B-4B09-81CC-77FE57ED1F5A}"
EndProject
Global
	GlobalSection(SolutionConfigurationPlatforms) = preSolution
		Debug|Any CPU = Debug|Any CPU
		Release|Any CPU = Release|Any CPU
	EndGlobalSection
	GlobalSection(ProjectConfigurationPlatforms) = postSolution
		{968139FC-D9E6-4BF3-9602-8902A7ACB2B9}.Debug|Any CPU.ActiveCfg = Debug|Any CPU
		{968139FC-D9E6-4BF3-9602-8902A7ACB2B9}.Debug|Any CPU.Build.0 = Debug|Any CPU
		{968139FC-D9E6-4BF3-9602-8902A7ACB2B9}.Release|Any CPU.ActiveCfg = Release|Any CPU
		{968139FC-D9E6-4BF3-9602-8902A7ACB2B9}.Release|Any CPU.Build.0 = Release|Any CPU
		{5C62430B-DCD6-4089-B027-0107DE483099}.Debug|Any CPU.ActiveCfg = Debug|Any CPU
		{5C62430B-DCD6-4089-B027-0107DE483099}.Debug|Any CPU.Build.0 = Debug|Any CPU
		{5C62430B-DCD6-4089-B027-0107DE483099}.Release|Any CPU.ActiveCfg = Release|Any CPU
		{5C62430B-DCD6-4089-B027-0107DE483099}.Release|Any CPU.Build.0 = Release|Any CPU
		{48F7A12E-C2C2-4C83-ADA1-125B17AACC82}.Debug|Any CPU.ActiveCfg = Debug|Any CPU
		{48F7A12E-C2C2-4C83-ADA1-125B17AACC82}.Debug|Any CPU.Build.0 = Debug|Any CPU
		{48F7A12E-C2C2-4C83-ADA1-125B17AACC82}.Release|Any CPU.ActiveCfg = Release|Any CPU
		{48F7A12E-C2C2-4C83-ADA1-125B17AACC82}.Release|Any CPU.Build.0 = Release|Any CPU
		{708A9DE7-4898-4B44-BE41-D2C3035C35D2}.Debug|Any CPU.ActiveCfg = Debug|Any CPU
		{708A9DE7-4898-4B44-BE41-D2C3035C35D2}.Debug|Any CPU.Build.0 = Debug|Any CPU
		{708A9DE7-4898-4B44-BE41-D2C3035C35D2}.Release|Any CPU.ActiveCfg = Release|Any CPU
		{708A9DE7-4898-4B44-BE41-D2C3035C35D2}.Release|Any CPU.Build.0 = Release|Any CPU
		{7F6AE6E3-275E-4C93-879F-EDABCAF51648}.Debug|Any CPU.ActiveCfg = Debug|Any CPU
		{7F6AE6E3-275E-4C93-879F-EDABCAF51648}.Debug|Any CPU.Build.0 = Debug|Any CPU
		{7F6AE6E3-275E-4C93-879F-EDABCAF51648}.Release|Any CPU.ActiveCfg = Release|Any CPU
		{7F6AE6E3-275E-4C93-879F-EDABCAF51648}.Release|Any CPU.Build.0 = Release|Any CPU
		{7C58B6E5-5F5A-4C86-91A1-ECE92E7F6151}.Debug|Any CPU.ActiveCfg = Debug|Any CPU
		{7C58B6E5-5F5A-4C86-91A1-ECE92E7F6151}.Debug|Any CPU.Build.0 = Debug|Any CPU
		{7C58B6E5-5F5A-4C86-91A1-ECE92E7F6151}.Release|Any CPU.ActiveCfg = Release|Any CPU
		{7C58B6E5-5F5A-4C86-91A1-ECE92E7F6151}.Release|Any CPU.Build.0 = Release|Any CPU
		{28E13903-9F7B-4B09-81CC-77FE57ED1F5A}.Debug|Any CPU.ActiveCfg = Debug|Any CPU
		{28E13903-9F7B-4B09-81CC-77FE57ED1F5A}.Debug|Any CPU.Build.0 = Debug|Any CPU
		{28E13903-9F7B-4B09-81CC-77FE57ED1F5A}.Release|Any CPU.ActiveCfg = Release|Any CPU
		{28E13903-9F7B-4B09-81CC-77FE57ED1F5A}.Release|Any CPU.Build.0 = Release|Any CPU
	EndGlobalSection
	GlobalSection(SolutionProperties) = preSolution
		HideSolutionNode = FALSE
	EndGlobalSection
	GlobalSection(NestedProjects) = preSolution
		{968139FC-D9E6-4BF3-9602-8902A7ACB2B9} = {F8EE2C5A-D3A8-4727-8D6A-7EC87C456FD8}
		{5C62430B-DCD6-4089-B027-0107DE483099} = {F8EE2C5A-D3A8-4727-8D6A-7EC87C456FD8}
		{48F7A12E-C2C2-4C83-ADA1-125B17AACC82} = {F8EE2C5A-D3A8-4727-8D6A-7EC87C456FD8}
		{2FCA715B-4270-48F7-9381-6FF1458C5A1E} = {CA645160-D4AC-433C-A6EC-FE2117FA980D}
		{F065F8B5-62F6-4F61-8E5B-7D9B723D7502} = {CA645160-D4AC-433C-A6EC-FE2117FA980D}
		{280F0263-4355-453B-B0F7-BF62BCFA2595} = {2FCA715B-4270-48F7-9381-6FF1458C5A1E}
		{708A9DE7-4898-4B44-BE41-D2C3035C35D2} = {280F0263-4355-453B-B0F7-BF62BCFA2595}
		{7F6AE6E3-275E-4C93-879F-EDABCAF51648} = {280F0263-4355-453B-B0F7-BF62BCFA2595}
		{A9685962-0080-423B-81E6-7A5995B3B346} = {2FCA715B-4270-48F7-9381-6FF1458C5A1E}
		{7C58B6E5-5F5A-4C86-91A1-ECE92E7F6151} = {A9685962-0080-423B-81E6-7A5995B3B346}
		{7491B681-63B1-40EB-B9C7-2C5B8F65852E} = {2FCA715B-4270-48F7-9381-6FF1458C5A1E}
		{28E13903-9F7B-4B09-81CC-77FE57ED1F5A} = {7491B681-63B1-40EB-B9C7-2C5B8F65852E}
	EndGlobalSection
EndGlobal
